
Microsoft Visual Studio Solution File, Format Version 12.00
# Visual Studio Version 16
VisualStudioVersion = 16.0.29709.97
MinimumVisualStudioVersion = 10.0.40219.1
Project("{9A19103F-16F7-4668-BE54-9A1E7A4F7556}") = "Test", "Test\Test.csproj", "{88681B3F-53FA-49A9-9FE1-78E8DEF42FFF}"
EndProject
Global
	GlobalSection(SolutionConfigurationPlatforms) = preSolution
		Debug|Any CPU = Debug|Any CPU
		Release|Any CPU = Release|Any CPU
	EndGlobalSection
	GlobalSection(ProjectConfigurationPlatforms) = postSolution
		{88681B3F-53FA-49A9-9FE1-78E8DEF42FFF}.Debug|Any CPU.ActiveCfg = Debug|Any CPU
		{88681B3F-53FA-49A9-9FE1-78E8DEF42FFF}.Debug|Any CPU.Build.0 = Debug|Any CPU
		{88681B3F-53FA-49A9-9FE1-78E8DEF42FFF}.Release|Any CPU.ActiveCfg = Release|Any CPU
		{88681B3F-53FA-49A9-9FE1-78E8DEF42FFF}.Release|Any CPU.Build.0 = Release|Any CPU
	EndGlobalSection
	GlobalSection(SolutionProperties) = preSolution
		HideSolutionNode = FALSE
	EndGlobalSection
	GlobalSection(ExtensibilityGlobals) = postSolution
		SolutionGuid = {17B0AE78-D240-490C-AFF3-6CF8AF00FB25}
	EndGlobalSection
EndGlobal
